
Microsoft Visual Studio Solution File, Format Version 12.00
# Visual Studio Version 17
VisualStudioVersion = 17.7.34221.43
MinimumVisualStudioVersion = 10.0.40219.1
Project("{FAE04EC0-301F-11D3-BF4B-00C04F79EFBC}") = "TecTip_Pattern", "TecTip_Pattern\TecTip_Pattern.csproj", "{9911533B-C3CA-4867-8EC1-A971E43CD2F4}"
EndProject
Global
	GlobalSection(SolutionConfigurationPlatforms) = preSolution
		Debug|Any CPU = Debug|Any CPU
		Release|Any CPU = Release|Any CPU
	EndGlobalSection
	GlobalSection(ProjectConfigurationPlatforms) = postSolution
		{9911533B-C3CA-4867-8EC1-A971E43CD2F4}.Debug|Any CPU.ActiveCfg = Debug|Any CPU
		{9911533B-C3CA-4867-8EC1-A971E43CD2F4}.Debug|Any CPU.Build.0 = Debug|Any CPU
		{9911533B-C3CA-4867-8EC1-A971E43CD2F4}.Release|Any CPU.ActiveCfg = Release|Any CPU
		{9911533B-C3CA-4867-8EC1-A971E43CD2F4}.Release|Any CPU.Build.0 = Release|Any CPU
	EndGlobalSection
	GlobalSection(SolutionProperties) = preSolution
		HideSolutionNode = FALSE
	EndGlobalSection
	GlobalSection(ExtensibilityGlobals) = postSolution
		SolutionGuid = {21EAE336-A745-4F5B-A939-CAE8606952C0}
	EndGlobalSection
EndGlobal
